
Microsoft Visual Studio Solution File, Format Version 12.00
# Visual Studio Version 17
VisualStudioVersion = 17.4.33205.214
MinimumVisualStudioVersion = 10.0.40219.1
Project("{FAE04EC0-301F-11D3-BF4B-00C04F79EFBC}") = "BookStore.PAL", "BookStore.PAL\BookStore.PAL.csproj", "{DC11233B-DA88-42A5-8D28-343D814C4F75}"
EndProject
Project("{FAE04EC0-301F-11D3-BF4B-00C04F79EFBC}") = "BookStore.BAL", "BookStore.BAL\BookStore.BAL.csproj", "{90137364-46F1-4A94-8B7F-E77D17698AE2}"
EndProject
Project("{FAE04EC0-301F-11D3-BF4B-00C04F79EFBC}") = "BookStore.DAL", "BookStore.DAL\BookStore.DAL.csproj", "{108B2E7E-5DFF-43ED-BA4F-4B7C8C269CA4}"
EndProject
Global
	GlobalSection(SolutionConfigurationPlatforms) = preSolution
		Debug|Any CPU = Debug|Any CPU
		Release|Any CPU = Release|Any CPU
	EndGlobalSection
	GlobalSection(ProjectConfigurationPlatforms) = postSolution
		{DC11233B-DA88-42A5-8D28-343D814C4F75}.Debug|Any CPU.ActiveCfg = Debug|Any CPU
		{DC11233B-DA88-42A5-8D28-343D814C4F75}.Debug|Any CPU.Build.0 = Debug|Any CPU
		{DC11233B-DA88-42A5-8D28-343D814C4F75}.Release|Any CPU.ActiveCfg = Release|Any CPU
		{DC11233B-DA88-42A5-8D28-343D814C4F75}.Release|Any CPU.Build.0 = Release|Any CPU
		{90137364-46F1-4A94-8B7F-E77D17698AE2}.Debug|Any CPU.ActiveCfg = Debug|Any CPU
		{90137364-46F1-4A94-8B7F-E77D17698AE2}.Debug|Any CPU.Build.0 = Debug|Any CPU
		{90137364-46F1-4A94-8B7F-E77D17698AE2}.Release|Any CPU.ActiveCfg = Release|Any CPU
		{90137364-46F1-4A94-8B7F-E77D17698AE2}.Release|Any CPU.Build.0 = Release|Any CPU
		{108B2E7E-5DFF-43ED-BA4F-4B7C8C269CA4}.Debug|Any CPU.ActiveCfg = Debug|Any CPU
		{108B2E7E-5DFF-43ED-BA4F-4B7C8C269CA4}.Debug|Any CPU.Build.0 = Debug|Any CPU
		{108B2E7E-5DFF-43ED-BA4F-4B7C8C269CA4}.Release|Any CPU.ActiveCfg = Release|Any CPU
		{108B2E7E-5DFF-43ED-BA4F-4B7C8C269CA4}.Release|Any CPU.Build.0 = Release|Any CPU
	EndGlobalSection
	GlobalSection(SolutionProperties) = preSolution
		HideSolutionNode = FALSE
	EndGlobalSection
	GlobalSection(ExtensibilityGlobals) = postSolution
		SolutionGuid = {7BB48812-6512-49CD-883C-BE056C7F4F68}
	EndGlobalSection
EndGlobal
